
Microsoft Visual Studio Solution File, Format Version 12.00
# Visual Studio 2013
VisualStudioVersion = 12.0.21005.1
MinimumVisualStudioVersion = 10.0.40219.1
Project("{FAE04EC0-301F-11D3-BF4B-00C04F79EFBC}") = "RekdEngine", "RekdEngine\RekdEngine.csproj", "{FF9B1F2E-9557-46AC-8F18-89B2C6A33E64}"
EndProject
Project("{FAE04EC0-301F-11D3-BF4B-00C04F79EFBC}") = "RekdTest", "RekdTest\RekdTest.csproj", "{A1AB9EED-4440-4B57-9C1C-B7D1F3D7F5D5}"
EndProject
Global
	GlobalSection(SolutionConfigurationPlatforms) = preSolution
		Debug|Any CPU = Debug|Any CPU
		Release|Any CPU = Release|Any CPU
	EndGlobalSection
	GlobalSection(ProjectConfigurationPlatforms) = postSolution
		{FF9B1F2E-9557-46AC-8F18-89B2C6A33E64}.Debug|Any CPU.ActiveCfg = Debug|Any CPU
		{FF9B1F2E-9557-46AC-8F18-89B2C6A33E64}.Debug|Any CPU.Build.0 = Debug|Any CPU
		{FF9B1F2E-9557-46AC-8F18-89B2C6A33E64}.Release|Any CPU.ActiveCfg = Release|Any CPU
		{FF9B1F2E-9557-46AC-8F18-89B2C6A33E64}.Release|Any CPU.Build.0 = Release|Any CPU
		{A1AB9EED-4440-4B57-9C1C-B7D1F3D7F5D5}.Debug|Any CPU.ActiveCfg = Debug|Any CPU
		{A1AB9EED-4440-4B57-9C1C-B7D1F3D7F5D5}.Debug|Any CPU.Build.0 = Debug|Any CPU
		{A1AB9EED-4440-4B57-9C1C-B7D1F3D7F5D5}.Release|Any CPU.ActiveCfg = Release|Any CPU
		{A1AB9EED-4440-4B57-9C1C-B7D1F3D7F5D5}.Release|Any CPU.Build.0 = Release|Any CPU
	EndGlobalSection
	GlobalSection(SolutionProperties) = preSolution
		HideSolutionNode = FALSE
	EndGlobalSection
EndGlobal
